
Microsoft Visual Studio Solution File, Format Version 12.00
# Visual Studio Version 17
VisualStudioVersion = 17.3.32929.385
MinimumVisualStudioVersion = 10.0.40219.1
Project("{9A19103F-16F7-4668-BE54-9A1E7A4F7556}") = "Houses.Web", "Houses.Web\Houses.Web.csproj", "{18AB7C93-E981-4923-9307-432F4314FAF3}"
EndProject
Project("{9A19103F-16F7-4668-BE54-9A1E7A4F7556}") = "Houses.Core", "Houses.Core\Houses.Core.csproj", "{02CDDFDD-A0E0-433E-94AF-201A2EE24FB2}"
EndProject
Project("{9A19103F-16F7-4668-BE54-9A1E7A4F7556}") = "Houses.Infrastructure", "Houses.Infrastructure\Houses.Infrastructure.csproj", "{F77B3369-8960-480B-B103-8F472CCDF652}"
EndProject
Project("{9A19103F-16F7-4668-BE54-9A1E7A4F7556}") = "Houses.Common", "Houses.Common\Houses.Common.csproj", "{972A5869-922E-4577-B34C-47CD259AD241}"
EndProject
Project("{FAE04EC0-301F-11D3-BF4B-00C04F79EFBC}") = "House.Tests", "House.Tests\House.Tests.csproj", "{285CC0D6-0FE5-4682-BE5E-0D6A3EBF1F57}"
EndProject
Global
	GlobalSection(SolutionConfigurationPlatforms) = preSolution
		Debug|Any CPU = Debug|Any CPU
		Release|Any CPU = Release|Any CPU
	EndGlobalSection
	GlobalSection(ProjectConfigurationPlatforms) = postSolution
		{18AB7C93-E981-4923-9307-432F4314FAF3}.Debug|Any CPU.ActiveCfg = Debug|Any CPU
		{18AB7C93-E981-4923-9307-432F4314FAF3}.Debug|Any CPU.Build.0 = Debug|Any CPU
		{18AB7C93-E981-4923-9307-432F4314FAF3}.Release|Any CPU.ActiveCfg = Release|Any CPU
		{18AB7C93-E981-4923-9307-432F4314FAF3}.Release|Any CPU.Build.0 = Release|Any CPU
		{02CDDFDD-A0E0-433E-94AF-201A2EE24FB2}.Debug|Any CPU.ActiveCfg = Debug|Any CPU
		{02CDDFDD-A0E0-433E-94AF-201A2EE24FB2}.Debug|Any CPU.Build.0 = Debug|Any CPU
		{02CDDFDD-A0E0-433E-94AF-201A2EE24FB2}.Release|Any CPU.ActiveCfg = Release|Any CPU
		{02CDDFDD-A0E0-433E-94AF-201A2EE24FB2}.Release|Any CPU.Build.0 = Release|Any CPU
		{F77B3369-8960-480B-B103-8F472CCDF652}.Debug|Any CPU.ActiveCfg = Debug|Any CPU
		{F77B3369-8960-480B-B103-8F472CCDF652}.Debug|Any CPU.Build.0 = Debug|Any CPU
		{F77B3369-8960-480B-B103-8F472CCDF652}.Release|Any CPU.ActiveCfg = Release|Any CPU
		{F77B3369-8960-480B-B103-8F472CCDF652}.Release|Any CPU.Build.0 = Release|Any CPU
		{972A5869-922E-4577-B34C-47CD259AD241}.Debug|Any CPU.ActiveCfg = Debug|Any CPU
		{972A5869-922E-4577-B34C-47CD259AD241}.Debug|Any CPU.Build.0 = Debug|Any CPU
		{972A5869-922E-4577-B34C-47CD259AD241}.Release|Any CPU.ActiveCfg = Release|Any CPU
		{972A5869-922E-4577-B34C-47CD259AD241}.Release|Any CPU.Build.0 = Release|Any CPU
		{285CC0D6-0FE5-4682-BE5E-0D6A3EBF1F57}.Debug|Any CPU.ActiveCfg = Debug|Any CPU
		{285CC0D6-0FE5-4682-BE5E-0D6A3EBF1F57}.Debug|Any CPU.Build.0 = Debug|Any CPU
		{285CC0D6-0FE5-4682-BE5E-0D6A3EBF1F57}.Release|Any CPU.ActiveCfg = Release|Any CPU
		{285CC0D6-0FE5-4682-BE5E-0D6A3EBF1F57}.Release|Any CPU.Build.0 = Release|Any CPU
	EndGlobalSection
	GlobalSection(SolutionProperties) = preSolution
		HideSolutionNode = FALSE
	EndGlobalSection
	GlobalSection(ExtensibilityGlobals) = postSolution
		SolutionGuid = {9F82817E-B191-4160-A9A9-BEF1927214C6}
	EndGlobalSection
EndGlobal
